{
  "requires": true,
  "lockfileVersion": 1,
  "dependencies": {
    "react-placeholder": {
      "version": "4.0.3",
      "resolved": "https://registry.npmjs.org/react-placeholder/-/react-placeholder-4.0.3.tgz",
      "integrity": "sha512-yPyqFYbh/u72p0UHsKTu19KruK/aJFP0x3YENg8ZBBjf13PoTKBQckVxlpLCfn0Rm2MaMly7IxZuRsUIQV+mrw=="
    }
  }
}
